
Microsoft Visual Studio Solution File, Format Version 12.00
# Visual Studio Version 17
VisualStudioVersion = 17.8.34525.116
MinimumVisualStudioVersion = 10.0.40219.1
Project("{FAE04EC0-301F-11D3-BF4B-00C04F79EFBC}") = "PoliziaMunicipale", "PoliziaMunicipale.csproj", "{8F1C902B-9CAE-48B9-80E4-F0DDDFC9AAEE}"
EndProject
Global
	GlobalSection(SolutionConfigurationPlatforms) = preSolution
		Debug|Any CPU = Debug|Any CPU
		Release|Any CPU = Release|Any CPU
	EndGlobalSection
	GlobalSection(ProjectConfigurationPlatforms) = postSolution
		{8F1C902B-9CAE-48B9-80E4-F0DDDFC9AAEE}.Debug|Any CPU.ActiveCfg = Debug|Any CPU
		{8F1C902B-9CAE-48B9-80E4-F0DDDFC9AAEE}.Debug|Any CPU.Build.0 = Debug|Any CPU
		{8F1C902B-9CAE-48B9-80E4-F0DDDFC9AAEE}.Release|Any CPU.ActiveCfg = Release|Any CPU
		{8F1C902B-9CAE-48B9-80E4-F0DDDFC9AAEE}.Release|Any CPU.Build.0 = Release|Any CPU
	EndGlobalSection
	GlobalSection(SolutionProperties) = preSolution
		HideSolutionNode = FALSE
	EndGlobalSection
	GlobalSection(ExtensibilityGlobals) = postSolution
		SolutionGuid = {5B9BC7DA-FAB6-4D04-9B63-C0F0E6A20A17}
	EndGlobalSection
EndGlobal
